<?xml version="1.0" encoding="utf-8"?>
<Project ToolsVersion="17.0" xmlns="http://schemas.microsoft.com/developer/msbuild/2003">
  <ItemGroup>
    <CustomBuild Include="C:\Users\Dell\Desktop\Antras kursas\Antras semestras\T120M013 Programų priežiūra ir tobulinimas\Laboratorinis2\visi releasai\versija19.6\dlib-19.6_build\dlib\neon_test_build\CMakeFiles\feed77aa1277145688647c317ad0d2ba\generate.stamp.rule">
      <Filter>CMake Rules</Filter>
    </CustomBuild>
  </ItemGroup>
  <ItemGroup>
    <Filter Include="CMake Rules">
      <UniqueIdentifier>{9984FC85-BB92-36BC-88EB-65C797CA7588}</UniqueIdentifier>
    </Filter>
  </ItemGroup>
</Project>
