<?xml version="1.0" encoding="utf-8"?>
<Project ToolsVersion="17.0" xmlns="http://schemas.microsoft.com/developer/msbuild/2003">
  <ItemGroup>
    <ClCompile Include="C:\Users\Dell\Desktop\Antras kursas\Antras semestras\T120M013 Programų priežiūra ir tobulinimas\Laboratorinis2\visi releasai\versija19.12\dlib-19.12\dlib\cmake_utils\test_for_neon\neon_test.cpp">
      <Filter>Source Files</Filter>
    </ClCompile>
  </ItemGroup>
  <ItemGroup>
    <CustomBuild Include="C:\Users\Dell\Desktop\Antras kursas\Antras semestras\T120M013 Programų priežiūra ir tobulinimas\Laboratorinis2\visi releasai\versija19.12\dlib-19.12\dlib\cmake_utils\test_for_neon\CMakeLists.txt" />
  </ItemGroup>
  <ItemGroup>
    <Filter Include="Source Files">
      <UniqueIdentifier>{DF61CE7D-B16D-3884-8E0F-6F837B4F740F}</UniqueIdentifier>
    </Filter>
  </ItemGroup>
</Project>
