<?xml version="1.0" encoding="utf-8"?>
<Project ToolsVersion="17.0" xmlns="http://schemas.microsoft.com/developer/msbuild/2003">
  <ItemGroup>
    <CustomBuild Include="C:\Users\Dell\Desktop\Antras kursas\Antras semestras\T120M013 Programų priežiūra ir tobulinimas\Laboratorinis2\visi releasai\versija19.9\dlib-19.9_build\CMakeFiles\c7a9ea88285edf80a03de8d57a288255\INSTALL_force.rule">
      <Filter>CMake Rules</Filter>
    </CustomBuild>
  </ItemGroup>
  <ItemGroup>
    <Filter Include="CMake Rules">
      <UniqueIdentifier>{426F26D8-55A5-3844-9D9F-7E29DD191843}</UniqueIdentifier>
    </Filter>
  </ItemGroup>
</Project>
